
Microsoft Visual Studio Solution File, Format Version 12.00
# Visual Studio 15
VisualStudioVersion = 15.0.28307.421
MinimumVisualStudioVersion = 10.0.40219.1
Project("{FAE04EC0-301F-11D3-BF4B-00C04F79EFBC}") = "TermInjector2022", "Transmunger\TermInjector2022.csproj", "{C22BA65D-CFDA-4E96-8DAD-B7C425E26D26}"
EndProject
Project("{FAE04EC0-301F-11D3-BF4B-00C04F79EFBC}") = "SettingsDialogTester", "SettingsDialogTester\SettingsDialogTester.csproj", "{82F63A8B-99AE-4881-B048-02E53EEF5F40}"
EndProject
Global
	GlobalSection(SolutionConfigurationPlatforms) = preSolution
		Debug|Any CPU = Debug|Any CPU
		Release|Any CPU = Release|Any CPU
	EndGlobalSection
	GlobalSection(ProjectConfigurationPlatforms) = postSolution
		{C22BA65D-CFDA-4E96-8DAD-B7C425E26D26}.Debug|Any CPU.ActiveCfg = Debug|Any CPU
		{C22BA65D-CFDA-4E96-8DAD-B7C425E26D26}.Debug|Any CPU.Build.0 = Debug|Any CPU
		{C22BA65D-CFDA-4E96-8DAD-B7C425E26D26}.Release|Any CPU.ActiveCfg = Release|Any CPU
		{C22BA65D-CFDA-4E96-8DAD-B7C425E26D26}.Release|Any CPU.Build.0 = Release|Any CPU
		{82F63A8B-99AE-4881-B048-02E53EEF5F40}.Debug|Any CPU.ActiveCfg = Debug|Any CPU
		{82F63A8B-99AE-4881-B048-02E53EEF5F40}.Debug|Any CPU.Build.0 = Debug|Any CPU
		{82F63A8B-99AE-4881-B048-02E53EEF5F40}.Release|Any CPU.ActiveCfg = Release|Any CPU
		{82F63A8B-99AE-4881-B048-02E53EEF5F40}.Release|Any CPU.Build.0 = Release|Any CPU
	EndGlobalSection
	GlobalSection(SolutionProperties) = preSolution
		HideSolutionNode = FALSE
	EndGlobalSection
	GlobalSection(ExtensibilityGlobals) = postSolution
		SolutionGuid = {8D5F8081-3A94-4C1F-933C-A7F0B0ED2EE9}
	EndGlobalSection
EndGlobal
